
Microsoft Visual Studio Solution File, Format Version 12.00
# Visual Studio 2017
Project("{FAE04EC0-301F-11D3-BF4B-00C04F79EFBC}") = "class", "class.csproj", "{81F5B04F-D9CC-A735-97B5-AB6D906FCA5D}"
EndProject
Global
	GlobalSection(SolutionConfigurationPlatforms) = preSolution
		Debug|Any CPU = Debug|Any CPU
		Release|Any CPU = Release|Any CPU
	EndGlobalSection
	GlobalSection(ProjectConfigurationPlatforms) = postSolution
		{81F5B04F-D9CC-A735-97B5-AB6D906FCA5D}.Debug|Any CPU.ActiveCfg = Debug|Any CPU
		{81F5B04F-D9CC-A735-97B5-AB6D906FCA5D}.Debug|Any CPU.Build.0 = Debug|Any CPU
		{81F5B04F-D9CC-A735-97B5-AB6D906FCA5D}.Release|Any CPU.ActiveCfg = Release|Any CPU
		{81F5B04F-D9CC-A735-97B5-AB6D906FCA5D}.Release|Any CPU.Build.0 = Release|Any CPU
	EndGlobalSection
	GlobalSection(SolutionProperties) = preSolution
		HideSolutionNode = FALSE
	EndGlobalSection
EndGlobal
